
Microsoft Visual Studio Solution File, Format Version 12.00
# Visual Studio Version 17
VisualStudioVersion = 17.14.36603.0 d17.14
MinimumVisualStudioVersion = 10.0.40219.1
Project("{FAE04EC0-301F-11D3-BF4B-00C04F79EFBC}") = "GAME 10003 Game Development Foundations - 2D Game Template (v1.4)1", "GAME 10003 Game Development Foundations - 2D Game Template (v1.4)1.csproj", "{F3F5F891-E368-4C8B-AEC2-36BACCACF0FF}"
EndProject
Global
	GlobalSection(SolutionConfigurationPlatforms) = preSolution
		Debug|Any CPU = Debug|Any CPU
		Release|Any CPU = Release|Any CPU
	EndGlobalSection
	GlobalSection(ProjectConfigurationPlatforms) = postSolution
		{F3F5F891-E368-4C8B-AEC2-36BACCACF0FF}.Debug|Any CPU.ActiveCfg = Debug|Any CPU
		{F3F5F891-E368-4C8B-AEC2-36BACCACF0FF}.Debug|Any CPU.Build.0 = Debug|Any CPU
		{F3F5F891-E368-4C8B-AEC2-36BACCACF0FF}.Release|Any CPU.ActiveCfg = Release|Any CPU
		{F3F5F891-E368-4C8B-AEC2-36BACCACF0FF}.Release|Any CPU.Build.0 = Release|Any CPU
	EndGlobalSection
	GlobalSection(SolutionProperties) = preSolution
		HideSolutionNode = FALSE
	EndGlobalSection
	GlobalSection(ExtensibilityGlobals) = postSolution
		SolutionGuid = {FAF26636-5924-44E7-8302-256C99EAD4D9}
	EndGlobalSection
EndGlobal
